// !$*UTF8*$!
{
	archiveVersion = 1;
	classes = {
	};
	objectVersion = 46;
	objects = {

/* Begin PBXBuildFile section */
		214F2C8C1DB07B2200F8C184 /* Demo4ViewController.swift in Sources */ = {isa = PBXBuildFile; fileRef = 214F2C8B1DB07B2200F8C184 /* Demo4ViewController.swift */; };
		21FB27AC1DA765690008038B /* EGGProgressHUD_Tests.swift in Sources */ = {isa = PBXBuildFile; fileRef = 21FB27AB1DA765690008038B /* EGGProgressHUD_Tests.swift */; };
		21FB27B41DAB366B0008038B /* Demo1ViewController.swift in Sources */ = {isa = PBXBuildFile; fileRef = 21FB27B31DAB366B0008038B /* Demo1ViewController.swift */; };
		21FB27B61DAB37920008038B /* UIStoryboard.swift in Sources */ = {isa = PBXBuildFile; fileRef = 21FB27B51DAB37920008038B /* UIStoryboard.swift */; };
		21FB27B91DAB53E10008038B /* Demo2ViewController.swift in Sources */ = {isa = PBXBuildFile; fileRef = 21FB27B81DAB53E10008038B /* Demo2ViewController.swift */; };
		21FB27BB1DAB7B570008038B /* Demo3ViewController.swift in Sources */ = {isa = PBXBuildFile; fileRef = 21FB27BA1DAB7B570008038B /* Demo3ViewController.swift */; };
		607FACD61AFB9204008FA782 /* AppDelegate.swift in Sources */ = {isa = PBXBuildFile; fileRef = 607FACD51AFB9204008FA782 /* AppDelegate.swift */; };
		607FACD81AFB9204008FA782 /* ViewController.swift in Sources */ = {isa = PBXBuildFile; fileRef = 607FACD71AFB9204008FA782 /* ViewController.swift */; };
		607FACDB1AFB9204008FA782 /* Main.storyboard in Resources */ = {isa = PBXBuildFile; fileRef = 607FACD91AFB9204008FA782 /* Main.storyboard */; };
		607FACDD1AFB9204008FA782 /* Images.xcassets in Resources */ = {isa = PBXBuildFile; fileRef = 607FACDC1AFB9204008FA782 /* Images.xcassets */; };
		607FACE01AFB9204008FA782 /* LaunchScreen.xib in Resources */ = {isa = PBXBuildFile; fileRef = 607FACDE1AFB9204008FA782 /* LaunchScreen.xib */; };
		6D8D369038E0C5EDE42328C1 /* Pods_EGGProgressHUD_Tests.framework in Frameworks */ = {isa = PBXBuildFile; fileRef = EF1D6027FFA3904ED3FC44CE /* Pods_EGGProgressHUD_Tests.framework */; };
		B2E629C15097A6A7CA462C43 /* Pods_EGGProgressHUD_Example.framework in Frameworks */ = {isa = PBXBuildFile; fileRef = 61051FB68F43C04E58D8D20D /* Pods_EGGProgressHUD_Example.framework */; };
/* End PBXBuildFile section */

/* Begin PBXContainerItemProxy section */
		21FB27AE1DA765690008038B /* PBXContainerItemProxy */ = {
			isa = PBXContainerItemProxy;
			containerPortal = 607FACC81AFB9204008FA782 /* Project object */;
			proxyType = 1;
			remoteGlobalIDString = 607FACCF1AFB9204008FA782;
			remoteInfo = EGGProgressHUD_Example;
		};
/* End PBXContainerItemProxy section */

/* Begin PBXFileReference section */
		17F40B18DD387F28424445C9 /* Pods-EGGProgressHUD_Tests.debug.xcconfig */ = {isa = PBXFileReference; includeInIndex = 1; lastKnownFileType = text.xcconfig; name = "Pods-EGGProgressHUD_Tests.debug.xcconfig"; path = "Pods/Target Support Files/Pods-EGGProgressHUD_Tests/Pods-EGGProgressHUD_Tests.debug.xcconfig"; sourceTree = "<group>"; };
		214F2C8B1DB07B2200F8C184 /* Demo4ViewController.swift */ = {isa = PBXFileReference; fileEncoding = 4; lastKnownFileType = sourcecode.swift; path = Demo4ViewController.swift; sourceTree = "<group>"; };
		21FB27A91DA765680008038B /* EGGProgressHUD_Tests.xctest */ = {isa = PBXFileReference; explicitFileType = wrapper.cfbundle; includeInIndex = 0; path = EGGProgressHUD_Tests.xctest; sourceTree = BUILT_PRODUCTS_DIR; };
		21FB27AB1DA765690008038B /* EGGProgressHUD_Tests.swift */ = {isa = PBXFileReference; lastKnownFileType = sourcecode.swift; path = EGGProgressHUD_Tests.swift; sourceTree = "<group>"; };
		21FB27AD1DA765690008038B /* Info.plist */ = {isa = PBXFileReference; lastKnownFileType = text.plist.xml; path = Info.plist; sourceTree = "<group>"; };
		21FB27B31DAB366B0008038B /* Demo1ViewController.swift */ = {isa = PBXFileReference; fileEncoding = 4; lastKnownFileType = sourcecode.swift; path = Demo1ViewController.swift; sourceTree = "<group>"; };
		21FB27B51DAB37920008038B /* UIStoryboard.swift */ = {isa = PBXFileReference; fileEncoding = 4; lastKnownFileType = sourcecode.swift; path = UIStoryboard.swift; sourceTree = "<group>"; };
		21FB27B81DAB53E10008038B /* Demo2ViewController.swift */ = {isa = PBXFileReference; fileEncoding = 4; lastKnownFileType = sourcecode.swift; path = Demo2ViewController.swift; sourceTree = "<group>"; };
		21FB27BA1DAB7B570008038B /* Demo3ViewController.swift */ = {isa = PBXFileReference; fileEncoding = 4; lastKnownFileType = sourcecode.swift; path = Demo3ViewController.swift; sourceTree = "<group>"; };
		2704F1CDD04B9B0B381CFB3B /* EGGProgressHUD.podspec */ = {isa = PBXFileReference; includeInIndex = 1; lastKnownFileType = text; name = EGGProgressHUD.podspec; path = ../EGGProgressHUD.podspec; sourceTree = "<group>"; };
		308E05EBDFA5F3E3BC4692C1 /* Pods-EGGProgressHUD_Example.release.xcconfig */ = {isa = PBXFileReference; includeInIndex = 1; lastKnownFileType = text.xcconfig; name = "Pods-EGGProgressHUD_Example.release.xcconfig"; path = "Pods/Target Support Files/Pods-EGGProgressHUD_Example/Pods-EGGProgressHUD_Example.release.xcconfig"; sourceTree = "<group>"; };
		5E5D5C49EDEA083512E4D987 /* Pods-EGGProgressHUD_Example.debug.xcconfig */ = {isa = PBXFileReference; includeInIndex = 1; lastKnownFileType = text.xcconfig; name = "Pods-EGGProgressHUD_Example.debug.xcconfig"; path = "Pods/Target Support Files/Pods-EGGProgressHUD_Example/Pods-EGGProgressHUD_Example.debug.xcconfig"; sourceTree = "<group>"; };
		607FACD01AFB9204008FA782 /* EGGProgressHUD_Example.app */ = {isa = PBXFileReference; explicitFileType = wrapper.application; includeInIndex = 0; path = EGGProgressHUD_Example.app; sourceTree = BUILT_PRODUCTS_DIR; };
		607FACD41AFB9204008FA782 /* Info.plist */ = {isa = PBXFileReference; lastKnownFileType = text.plist.xml; path = Info.plist; sourceTree = "<group>"; };
		607FACD51AFB9204008FA782 /* AppDelegate.swift */ = {isa = PBXFileReference; lastKnownFileType = sourcecode.swift; path = AppDelegate.swift; sourceTree = "<group>"; };
		607FACD71AFB9204008FA782 /* ViewController.swift */ = {isa = PBXFileReference; lastKnownFileType = sourcecode.swift; path = ViewController.swift; sourceTree = "<group>"; };
		607FACDA1AFB9204008FA782 /* Base */ = {isa = PBXFileReference; lastKnownFileType = file.storyboard; name = Base; path = Base.lproj/Main.storyboard; sourceTree = "<group>"; };
		607FACDC1AFB9204008FA782 /* Images.xcassets */ = {isa = PBXFileReference; lastKnownFileType = folder.assetcatalog; path = Images.xcassets; sourceTree = "<group>"; };
		607FACDF1AFB9204008FA782 /* Base */ = {isa = PBXFileReference; lastKnownFileType = file.xib; name = Base; path = Base.lproj/LaunchScreen.xib; sourceTree = "<group>"; };
		607FACEA1AFB9204008FA782 /* Info.plist */ = {isa = PBXFileReference; lastKnownFileType = text.plist.xml; path = Info.plist; sourceTree = "<group>"; };
		607FACEB1AFB9204008FA782 /* Tests.swift */ = {isa = PBXFileReference; lastKnownFileType = sourcecode.swift; path = Tests.swift; sourceTree = "<group>"; };
		61051FB68F43C04E58D8D20D /* Pods_EGGProgressHUD_Example.framework */ = {isa = PBXFileReference; explicitFileType = wrapper.framework; includeInIndex = 0; path = Pods_EGGProgressHUD_Example.framework; sourceTree = BUILT_PRODUCTS_DIR; };
		7D22AFA0674A3E7CD30950DB /* Pods-EGGProgressHUD_Tests.release.xcconfig */ = {isa = PBXFileReference; includeInIndex = 1; lastKnownFileType = text.xcconfig; name = "Pods-EGGProgressHUD_Tests.release.xcconfig"; path = "Pods/Target Support Files/Pods-EGGProgressHUD_Tests/Pods-EGGProgressHUD_Tests.release.xcconfig"; sourceTree = "<group>"; };
		C52FD520A92B145D6F9C06D6 /* README.md */ = {isa = PBXFileReference; includeInIndex = 1; lastKnownFileType = net.daringfireball.markdown; name = README.md; path = ../README.md; sourceTree = "<group>"; };
		EF1D6027FFA3904ED3FC44CE /* Pods_EGGProgressHUD_Tests.framework */ = {isa = PBXFileReference; explicitFileType = wrapper.framework; includeInIndex = 0; path = Pods_EGGProgressHUD_Tests.framework; sourceTree = BUILT_PRODUCTS_DIR; };
		F40869D16900ED4E5100C03C /* LICENSE */ = {isa = PBXFileReference; includeInIndex = 1; lastKnownFileType = text; name = LICENSE; path = ../LICENSE; sourceTree = "<group>"; };
/* End PBXFileReference section */

/* Begin PBXFrameworksBuildPhase section */
		21FB27A61DA765680008038B /* Frameworks */ = {
			isa = PBXFrameworksBuildPhase;
			buildActionMask = 2147483647;
			files = (
				6D8D369038E0C5EDE42328C1 /* Pods_EGGProgressHUD_Tests.framework in Frameworks */,
			);
			runOnlyForDeploymentPostprocessing = 0;
		};
		607FACCD1AFB9204008FA782 /* Frameworks */ = {
			isa = PBXFrameworksBuildPhase;
			buildActionMask = 2147483647;
			files = (
				B2E629C15097A6A7CA462C43 /* Pods_EGGProgressHUD_Example.framework in Frameworks */,
			);
			runOnlyForDeploymentPostprocessing = 0;
		};
/* End PBXFrameworksBuildPhase section */

/* Begin PBXGroup section */
		078824AC0CA6DB3D508B533C /* Frameworks */ = {
			isa = PBXGroup;
			children = (
				61051FB68F43C04E58D8D20D /* Pods_EGGProgressHUD_Example.framework */,
				EF1D6027FFA3904ED3FC44CE /* Pods_EGGProgressHUD_Tests.framework */,
			);
			name = Frameworks;
			sourceTree = "<group>";
		};
		18DCCE482B6F7AD88B0FEFF9 /* Pods */ = {
			isa = PBXGroup;
			children = (
				5E5D5C49EDEA083512E4D987 /* Pods-EGGProgressHUD_Example.debug.xcconfig */,
				308E05EBDFA5F3E3BC4692C1 /* Pods-EGGProgressHUD_Example.release.xcconfig */,
				17F40B18DD387F28424445C9 /* Pods-EGGProgressHUD_Tests.debug.xcconfig */,
				7D22AFA0674A3E7CD30950DB /* Pods-EGGProgressHUD_Tests.release.xcconfig */,
			);
			name = Pods;
			sourceTree = "<group>";
		};
		21FB27AA1DA765690008038B /* EGGProgressHUD_Tests */ = {
			isa = PBXGroup;
			children = (
				21FB27AB1DA765690008038B /* EGGProgressHUD_Tests.swift */,
				21FB27AD1DA765690008038B /* Info.plist */,
			);
			path = EGGProgressHUD_Tests;
			sourceTree = "<group>";
		};
		21FB27B71DAB37970008038B /* Extensions */ = {
			isa = PBXGroup;
			children = (
				21FB27B51DAB37920008038B /* UIStoryboard.swift */,
			);
			name = Extensions;
			sourceTree = "<group>";
		};
		607FACC71AFB9204008FA782 = {
			isa = PBXGroup;
			children = (
				607FACF51AFB993E008FA782 /* Podspec Metadata */,
				607FACD21AFB9204008FA782 /* Example for EGGProgressHUD */,
				607FACE81AFB9204008FA782 /* Tests */,
				21FB27AA1DA765690008038B /* EGGProgressHUD_Tests */,
				607FACD11AFB9204008FA782 /* Products */,
				18DCCE482B6F7AD88B0FEFF9 /* Pods */,
				078824AC0CA6DB3D508B533C /* Frameworks */,
			);
			sourceTree = "<group>";
		};
		607FACD11AFB9204008FA782 /* Products */ = {
			isa = PBXGroup;
			children = (
				607FACD01AFB9204008FA782 /* EGGProgressHUD_Example.app */,
				21FB27A91DA765680008038B /* EGGProgressHUD_Tests.xctest */,
			);
			name = Products;
			sourceTree = "<group>";
		};
		607FACD21AFB9204008FA782 /* Example for EGGProgressHUD */ = {
			isa = PBXGroup;
			children = (
				21FB27B71DAB37970008038B /* Extensions */,
				607FACD51AFB9204008FA782 /* AppDelegate.swift */,
				607FACD71AFB9204008FA782 /* ViewController.swift */,
				607FACD91AFB9204008FA782 /* Main.storyboard */,
				607FACDC1AFB9204008FA782 /* Images.xcassets */,
				607FACDE1AFB9204008FA782 /* LaunchScreen.xib */,
				607FACD31AFB9204008FA782 /* Supporting Files */,
				21FB27B31DAB366B0008038B /* Demo1ViewController.swift */,
				21FB27B81DAB53E10008038B /* Demo2ViewController.swift */,
				21FB27BA1DAB7B570008038B /* Demo3ViewController.swift */,
				214F2C8B1DB07B2200F8C184 /* Demo4ViewController.swift */,
			);
			name = "Example for EGGProgressHUD";
			path = EGGProgressHUD;
			sourceTree = "<group>";
		};
		607FACD31AFB9204008FA782 /* Supporting Files */ = {
			isa = PBXGroup;
			children = (
				607FACD41AFB9204008FA782 /* Info.plist */,
			);
			name = "Supporting Files";
			sourceTree = "<group>";
		};
		607FACE81AFB9204008FA782 /* Tests */ = {
			isa = PBXGroup;
			children = (
				607FACEB1AFB9204008FA782 /* Tests.swift */,
				607FACE91AFB9204008FA782 /* Supporting Files */,
			);
			path = Tests;
			sourceTree = "<group>";
		};
		607FACE91AFB9204008FA782 /* Supporting Files */ = {
			isa = PBXGroup;
			children = (
				607FACEA1AFB9204008FA782 /* Info.plist */,
			);
			name = "Supporting Files";
			sourceTree = "<group>";
		};
		607FACF51AFB993E008FA782 /* Podspec Metadata */ = {
			isa = PBXGroup;
			children = (
				2704F1CDD04B9B0B381CFB3B /* EGGProgressHUD.podspec */,
				C52FD520A92B145D6F9C06D6 /* README.md */,
				F40869D16900ED4E5100C03C /* LICENSE */,
			);
			name = "Podspec Metadata";
			sourceTree = "<group>";
		};
/* End PBXGroup section */

/* Begin PBXNativeTarget section */
		21FB27A81DA765680008038B /* EGGProgressHUD_Tests */ = {
			isa = PBXNativeTarget;
			buildConfigurationList = 21FB27B21DA765690008038B /* Build configuration list for PBXNativeTarget "EGGProgressHUD_Tests" */;
			buildPhases = (
				9271089FBACBC596F0EC51F6 /* [CP] Check Pods Manifest.lock */,
				21FB27A51DA765680008038B /* Sources */,
				21FB27A61DA765680008038B /* Frameworks */,
				21FB27A71DA765680008038B /* Resources */,
				0DF4EB0EE49C1A4F8F662E48 /* [CP] Embed Pods Frameworks */,
				AC10DC1C0B131FC93D5D87E9 /* [CP] Copy Pods Resources */,
			);
			buildRules = (
			);
			dependencies = (
				21FB27AF1DA765690008038B /* PBXTargetDependency */,
			);
			name = EGGProgressHUD_Tests;
			productName = EGGProgressHUD_Tests;
			productReference = 21FB27A91DA765680008038B /* EGGProgressHUD_Tests.xctest */;
			productType = "com.apple.product-type.bundle.unit-test";
		};
		607FACCF1AFB9204008FA782 /* EGGProgressHUD_Example */ = {
			isa = PBXNativeTarget;
			buildConfigurationList = 607FACEF1AFB9204008FA782 /* Build configuration list for PBXNativeTarget "EGGProgressHUD_Example" */;
			buildPhases = (
				324A9061A3B6DED4E1FDDFBB /* [CP] Check Pods Manifest.lock */,
				607FACCC1AFB9204008FA782 /* Sources */,
				607FACCD1AFB9204008FA782 /* Frameworks */,
				607FACCE1AFB9204008FA782 /* Resources */,
				5F1354089F457AE7B81BAF08 /* [CP] Embed Pods Frameworks */,
				CF5257EAC0477FBBCF8B32C0 /* [CP] Copy Pods Resources */,
			);
			buildRules = (
			);
			dependencies = (
			);
			name = EGGProgressHUD_Example;
			productName = EGGProgressHUD;
			productReference = 607FACD01AFB9204008FA782 /* EGGProgressHUD_Example.app */;
			productType = "com.apple.product-type.application";
		};
/* End PBXNativeTarget section */

/* Begin PBXProject section */
		607FACC81AFB9204008FA782 /* Project object */ = {
			isa = PBXProject;
			attributes = {
				LastSwiftUpdateCheck = 0800;
				LastUpgradeCheck = 0800;
				ORGANIZATIONNAME = CocoaPods;
				TargetAttributes = {
					21FB27A81DA765680008038B = {
						CreatedOnToolsVersion = 8.0;
						DevelopmentTeam = DA6Y7F3RCQ;
						LastSwiftMigration = 0800;
						ProvisioningStyle = Automatic;
						TestTargetID = 607FACCF1AFB9204008FA782;
					};
					607FACCF1AFB9204008FA782 = {
						CreatedOnToolsVersion = 6.3.1;
						DevelopmentTeam = 898C247W7W;
						LastSwiftMigration = 0800;
					};
				};
			};
			buildConfigurationList = 607FACCB1AFB9204008FA782 /* Build configuration list for PBXProject "EGGProgressHUD" */;
			compatibilityVersion = "Xcode 3.2";
			developmentRegion = English;
			hasScannedForEncodings = 0;
			knownRegions = (
				en,
				Base,
			);
			mainGroup = 607FACC71AFB9204008FA782;
			productRefGroup = 607FACD11AFB9204008FA782 /* Products */;
			projectDirPath = "";
			projectRoot = "";
			targets = (
				607FACCF1AFB9204008FA782 /* EGGProgressHUD_Example */,
				21FB27A81DA765680008038B /* EGGProgressHUD_Tests */,
			);
		};
/* End PBXProject section */

/* Begin PBXResourcesBuildPhase section */
		21FB27A71DA765680008038B /* Resources */ = {
			isa = PBXResourcesBuildPhase;
			buildActionMask = 2147483647;
			files = (
			);
			runOnlyForDeploymentPostprocessing = 0;
		};
		607FACCE1AFB9204008FA782 /* Resources */ = {
			isa = PBXResourcesBuildPhase;
			buildActionMask = 2147483647;
			files = (
				607FACDB1AFB9204008FA782 /* Main.storyboard in Resources */,
				607FACE01AFB9204008FA782 /* LaunchScreen.xib in Resources */,
				607FACDD1AFB9204008FA782 /* Images.xcassets in Resources */,
			);
			runOnlyForDeploymentPostprocessing = 0;
		};
/* End PBXResourcesBuildPhase section */

/* Begin PBXShellScriptBuildPhase section */
		0DF4EB0EE49C1A4F8F662E48 /* [CP] Embed Pods Frameworks */ = {
			isa = PBXShellScriptBuildPhase;
			buildActionMask = 2147483647;
			files = (
			);
			inputPaths = (
			);
			name = "[CP] Embed Pods Frameworks";
			outputPaths = (
			);
			runOnlyForDeploymentPostprocessing = 0;
			shellPath = /bin/sh;
			shellScript = "\"${SRCROOT}/Pods/Target Support Files/Pods-EGGProgressHUD_Tests/Pods-EGGProgressHUD_Tests-frameworks.sh\"\n";
			showEnvVarsInLog = 0;
		};
		324A9061A3B6DED4E1FDDFBB /* [CP] Check Pods Manifest.lock */ = {
			isa = PBXShellScriptBuildPhase;
			buildActionMask = 2147483647;
			files = (
			);
			inputPaths = (
			);
			name = "[CP] Check Pods Manifest.lock";
			outputPaths = (
			);
			runOnlyForDeploymentPostprocessing = 0;
			shellPath = /bin/sh;
			shellScript = "diff \"${PODS_ROOT}/../Podfile.lock\" \"${PODS_ROOT}/Manifest.lock\" > /dev/null\nif [[ $? != 0 ]] ; then\n    cat << EOM\nerror: The sandbox is not in sync with the Podfile.lock. Run 'pod install' or update your CocoaPods installation.\nEOM\n    exit 1\nfi\n";
			showEnvVarsInLog = 0;
		};
		5F1354089F457AE7B81BAF08 /* [CP] Embed Pods Frameworks */ = {
			isa = PBXShellScriptBuildPhase;
			buildActionMask = 2147483647;
			files = (
			);
			inputPaths = (
			);
			name = "[CP] Embed Pods Frameworks";
			outputPaths = (
			);
			runOnlyForDeploymentPostprocessing = 0;
			shellPath = /bin/sh;
			shellScript = "\"${SRCROOT}/Pods/Target Support Files/Pods-EGGProgressHUD_Example/Pods-EGGProgressHUD_Example-frameworks.sh\"\n";
			showEnvVarsInLog = 0;
		};
		9271089FBACBC596F0EC51F6 /* [CP] Check Pods Manifest.lock */ = {
			isa = PBXShellScriptBuildPhase;
			buildActionMask = 2147483647;
			files = (
			);
			inputPaths = (
			);
			name = "[CP] Check Pods Manifest.lock";
			outputPaths = (
			);
			runOnlyForDeploymentPostprocessing = 0;
			shellPath = /bin/sh;
			shellScript = "diff \"${PODS_ROOT}/../Podfile.lock\" \"${PODS_ROOT}/Manifest.lock\" > /dev/null\nif [[ $? != 0 ]] ; then\n    cat << EOM\nerror: The sandbox is not in sync with the Podfile.lock. Run 'pod install' or update your CocoaPods installation.\nEOM\n    exit 1\nfi\n";
			showEnvVarsInLog = 0;
		};
		AC10DC1C0B131FC93D5D87E9 /* [CP] Copy Pods Resources */ = {
			isa = PBXShellScriptBuildPhase;
			buildActionMask = 2147483647;
			files = (
			);
			inputPaths = (
			);
			name = "[CP] Copy Pods Resources";
			outputPaths = (
			);
			runOnlyForDeploymentPostprocessing = 0;
			shellPath = /bin/sh;
			shellScript = "\"${SRCROOT}/Pods/Target Support Files/Pods-EGGProgressHUD_Tests/Pods-EGGProgressHUD_Tests-resources.sh\"\n";
			showEnvVarsInLog = 0;
		};
		CF5257EAC0477FBBCF8B32C0 /* [CP] Copy Pods Resources */ = {
			isa = PBXShellScriptBuildPhase;
			buildActionMask = 2147483647;
			files = (
			);
			inputPaths = (
			);
			name = "[CP] Copy Pods Resources";
			outputPaths = (
			);
			runOnlyForDeploymentPostprocessing = 0;
			shellPath = /bin/sh;
			shellScript = "\"${SRCROOT}/Pods/Target Support Files/Pods-EGGProgressHUD_Example/Pods-EGGProgressHUD_Example-resources.sh\"\n";
			showEnvVarsInLog = 0;
		};
/* End PBXShellScriptBuildPhase section */

/* Begin PBXSourcesBuildPhase section */
		21FB27A51DA765680008038B /* Sources */ = {
			isa = PBXSourcesBuildPhase;
			buildActionMask = 2147483647;
			files = (
				21FB27AC1DA765690008038B /* EGGProgressHUD_Tests.swift in Sources */,
			);
			runOnlyForDeploymentPostprocessing = 0;
		};
		607FACCC1AFB9204008FA782 /* Sources */ = {
			isa = PBXSourcesBuildPhase;
			buildActionMask = 2147483647;
			files = (
				21FB27B91DAB53E10008038B /* Demo2ViewController.swift in Sources */,
				21FB27BB1DAB7B570008038B /* Demo3ViewController.swift in Sources */,
				214F2C8C1DB07B2200F8C184 /* Demo4ViewController.swift in Sources */,
				21FB27B61DAB37920008038B /* UIStoryboard.swift in Sources */,
				21FB27B41DAB366B0008038B /* Demo1ViewController.swift in Sources */,
				607FACD81AFB9204008FA782 /* ViewController.swift in Sources */,
				607FACD61AFB9204008FA782 /* AppDelegate.swift in Sources */,
			);
			runOnlyForDeploymentPostprocessing = 0;
		};
/* End PBXSourcesBuildPhase section */

/* Begin PBXTargetDependency section */
		21FB27AF1DA765690008038B /* PBXTargetDependency */ = {
			isa = PBXTargetDependency;
			target = 607FACCF1AFB9204008FA782 /* EGGProgressHUD_Example */;
			targetProxy = 21FB27AE1DA765690008038B /* PBXContainerItemProxy */;
		};
/* End PBXTargetDependency section */

/* Begin PBXVariantGroup section */
		607FACD91AFB9204008FA782 /* Main.storyboard */ = {
			isa = PBXVariantGroup;
			children = (
				607FACDA1AFB9204008FA782 /* Base */,
			);
			name = Main.storyboard;
			sourceTree = "<group>";
		};
		607FACDE1AFB9204008FA782 /* LaunchScreen.xib */ = {
			isa = PBXVariantGroup;
			children = (
				607FACDF1AFB9204008FA782 /* Base */,
			);
			name = LaunchScreen.xib;
			sourceTree = "<group>";
		};
/* End PBXVariantGroup section */

/* Begin XCBuildConfiguration section */
		21FB27B01DA765690008038B /* Debug */ = {
			isa = XCBuildConfiguration;
			baseConfigurationReference = 17F40B18DD387F28424445C9 /* Pods-EGGProgressHUD_Tests.debug.xcconfig */;
			buildSettings = {
				BUNDLE_LOADER = "$(TEST_HOST)";
				CLANG_ANALYZER_NONNULL = YES;
				CLANG_WARN_DOCUMENTATION_COMMENTS = YES;
				CLANG_WARN_SUSPICIOUS_MOVES = YES;
				DEBUG_INFORMATION_FORMAT = dwarf;
				DEVELOPMENT_TEAM = DA6Y7F3RCQ;
				INFOPLIST_FILE = EGGProgressHUD_Tests/Info.plist;
				IPHONEOS_DEPLOYMENT_TARGET = 10.0;
				LD_RUNPATH_SEARCH_PATHS = "$(inherited) @executable_path/Frameworks @loader_path/Frameworks";
				PRODUCT_BUNDLE_IDENTIFIER = "com.eggent.EGGProgressHUD-Tests";
				PRODUCT_NAME = "$(TARGET_NAME)";
				SWIFT_ACTIVE_COMPILATION_CONDITIONS = DEBUG;
				SWIFT_VERSION = 2.3;
				TEST_HOST = "$(BUILT_PRODUCTS_DIR)/EGGProgressHUD_Example.app/EGGProgressHUD_Example";
			};
			name = Debug;
		};
		21FB27B11DA765690008038B /* Release */ = {
			isa = XCBuildConfiguration;
			baseConfigurationReference = 7D22AFA0674A3E7CD30950DB /* Pods-EGGProgressHUD_Tests.release.xcconfig */;
			buildSettings = {
				BUNDLE_LOADER = "$(TEST_HOST)";
				CLANG_ANALYZER_NONNULL = YES;
				CLANG_WARN_DOCUMENTATION_COMMENTS = YES;
				CLANG_WARN_SUSPICIOUS_MOVES = YES;
				DEVELOPMENT_TEAM = DA6Y7F3RCQ;
				INFOPLIST_FILE = EGGProgressHUD_Tests/Info.plist;
				IPHONEOS_DEPLOYMENT_TARGET = 10.0;
				LD_RUNPATH_SEARCH_PATHS = "$(inherited) @executable_path/Frameworks @loader_path/Frameworks";
				PRODUCT_BUNDLE_IDENTIFIER = "com.eggent.EGGProgressHUD-Tests";
				PRODUCT_NAME = "$(TARGET_NAME)";
				SWIFT_VERSION = 2.3;
				TEST_HOST = "$(BUILT_PRODUCTS_DIR)/EGGProgressHUD_Example.app/EGGProgressHUD_Example";
			};
			name = Release;
		};
		607FACED1AFB9204008FA782 /* Debug */ = {
			isa = XCBuildConfiguration;
			buildSettings = {
				ALWAYS_SEARCH_USER_PATHS = NO;
				CLANG_CXX_LANGUAGE_STANDARD = "gnu++0x";
				CLANG_CXX_LIBRARY = "libc++";
				CLANG_ENABLE_MODULES = YES;
				CLANG_ENABLE_OBJC_ARC = YES;
				CLANG_WARN_BOOL_CONVERSION = YES;
				CLANG_WARN_CONSTANT_CONVERSION = YES;
				CLANG_WARN_DIRECT_OBJC_ISA_USAGE = YES_ERROR;
				CLANG_WARN_EMPTY_BODY = YES;
				CLANG_WARN_ENUM_CONVERSION = YES;
				CLANG_WARN_INFINITE_RECURSION = YES;
				CLANG_WARN_INT_CONVERSION = YES;
				CLANG_WARN_OBJC_ROOT_CLASS = YES_ERROR;
				CLANG_WARN_SUSPICIOUS_MOVE = YES;
				CLANG_WARN_UNREACHABLE_CODE = YES;
				CLANG_WARN__DUPLICATE_METHOD_MATCH = YES;
				"CODE_SIGN_IDENTITY[sdk=iphoneos*]" = "iPhone Developer";
				COPY_PHASE_STRIP = NO;
				DEBUG_INFORMATION_FORMAT = "dwarf-with-dsym";
				ENABLE_STRICT_OBJC_MSGSEND = YES;
				ENABLE_TESTABILITY = YES;
				GCC_C_LANGUAGE_STANDARD = gnu99;
				GCC_DYNAMIC_NO_PIC = NO;
				GCC_NO_COMMON_BLOCKS = YES;
				GCC_OPTIMIZATION_LEVEL = 0;
				GCC_PREPROCESSOR_DEFINITIONS = (
					"DEBUG=1",
					"$(inherited)",
				);
				GCC_SYMBOLS_PRIVATE_EXTERN = NO;
				GCC_WARN_64_TO_32_BIT_CONVERSION = YES;
				GCC_WARN_ABOUT_RETURN_TYPE = YES_ERROR;
				GCC_WARN_UNDECLARED_SELECTOR = YES;
				GCC_WARN_UNINITIALIZED_AUTOS = YES_AGGRESSIVE;
				GCC_WARN_UNUSED_FUNCTION = YES;
				GCC_WARN_UNUSED_VARIABLE = YES;
				IPHONEOS_DEPLOYMENT_TARGET = 8.3;
				MTL_ENABLE_DEBUG_INFO = YES;
				ONLY_ACTIVE_ARCH = YES;
				SDKROOT = iphoneos;
				SWIFT_OPTIMIZATION_LEVEL = "-Onone";
				SWIFT_VERSION = 2.3;
			};
			name = Debug;
		};
		607FACEE1AFB9204008FA782 /* Release */ = {
			isa = XCBuildConfiguration;
			buildSettings = {
				ALWAYS_SEARCH_USER_PATHS = NO;
				CLANG_CXX_LANGUAGE_STANDARD = "gnu++0x";
				CLANG_CXX_LIBRARY = "libc++";
				CLANG_ENABLE_MODULES = YES;
				CLANG_ENABLE_OBJC_ARC = YES;
				CLANG_WARN_BOOL_CONVERSION = YES;
				CLANG_WARN_CONSTANT_CONVERSION = YES;
				CLANG_WARN_DIRECT_OBJC_ISA_USAGE = YES_ERROR;
				CLANG_WARN_EMPTY_BODY = YES;
				CLANG_WARN_ENUM_CONVERSION = YES;
				CLANG_WARN_INFINITE_RECURSION = YES;
				CLANG_WARN_INT_CONVERSION = YES;
				CLANG_WARN_OBJC_ROOT_CLASS = YES_ERROR;
				CLANG_WARN_SUSPICIOUS_MOVE = YES;
				CLANG_WARN_UNREACHABLE_CODE = YES;
				CLANG_WARN__DUPLICATE_METHOD_MATCH = YES;
				"CODE_SIGN_IDENTITY[sdk=iphoneos*]" = "iPhone Developer";
				COPY_PHASE_STRIP = NO;
				DEBUG_INFORMATION_FORMAT = "dwarf-with-dsym";
				ENABLE_NS_ASSERTIONS = NO;
				ENABLE_STRICT_OBJC_MSGSEND = YES;
				GCC_C_LANGUAGE_STANDARD = gnu99;
				GCC_NO_COMMON_BLOCKS = YES;
				GCC_WARN_64_TO_32_BIT_CONVERSION = YES;
				GCC_WARN_ABOUT_RETURN_TYPE = YES_ERROR;
				GCC_WARN_UNDECLARED_SELECTOR = YES;
				GCC_WARN_UNINITIALIZED_AUTOS = YES_AGGRESSIVE;
				GCC_WARN_UNUSED_FUNCTION = YES;
				GCC_WARN_UNUSED_VARIABLE = YES;
				IPHONEOS_DEPLOYMENT_TARGET = 8.3;
				MTL_ENABLE_DEBUG_INFO = NO;
				SDKROOT = iphoneos;
				SWIFT_OPTIMIZATION_LEVEL = "-Owholemodule";
				SWIFT_VERSION = 2.3;
				VALIDATE_PRODUCT = YES;
			};
			name = Release;
		};
		607FACF01AFB9204008FA782 /* Debug */ = {
			isa = XCBuildConfiguration;
			baseConfigurationReference = 5E5D5C49EDEA083512E4D987 /* Pods-EGGProgressHUD_Example.debug.xcconfig */;
			buildSettings = {
				ALWAYS_EMBED_SWIFT_STANDARD_LIBRARIES = YES;
				ASSETCATALOG_COMPILER_APPICON_NAME = AppIcon;
				DEVELOPMENT_TEAM = 898C247W7W;
				INFOPLIST_FILE = EGGProgressHUD/Info.plist;
				IPHONEOS_DEPLOYMENT_TARGET = 8.0;
				LD_RUNPATH_SEARCH_PATHS = "$(inherited) @executable_path/Frameworks";
				MODULE_NAME = ExampleApp;
				PRODUCT_BUNDLE_IDENTIFIER = "org.cocoapods.demo.$(PRODUCT_NAME:rfc1034identifier)";
				PRODUCT_NAME = "$(TARGET_NAME)";
				SWIFT_VERSION = 2.3;
			};
			name = Debug;
		};
		607FACF11AFB9204008FA782 /* Release */ = {
			isa = XCBuildConfiguration;
			baseConfigurationReference = 308E05EBDFA5F3E3BC4692C1 /* Pods-EGGProgressHUD_Example.release.xcconfig */;
			buildSettings = {
				ALWAYS_EMBED_SWIFT_STANDARD_LIBRARIES = YES;
				ASSETCATALOG_COMPILER_APPICON_NAME = AppIcon;
				DEVELOPMENT_TEAM = 898C247W7W;
				INFOPLIST_FILE = EGGProgressHUD/Info.plist;
				IPHONEOS_DEPLOYMENT_TARGET = 8.0;
				LD_RUNPATH_SEARCH_PATHS = "$(inherited) @executable_path/Frameworks";
				MODULE_NAME = ExampleApp;
				PRODUCT_BUNDLE_IDENTIFIER = "org.cocoapods.demo.$(PRODUCT_NAME:rfc1034identifier)";
				PRODUCT_NAME = "$(TARGET_NAME)";
				SWIFT_VERSION = 2.3;
			};
			name = Release;
		};
/* End XCBuildConfiguration section */

/* Begin XCConfigurationList section */
		21FB27B21DA765690008038B /* Build configuration list for PBXNativeTarget "EGGProgressHUD_Tests" */ = {
			isa = XCConfigurationList;
			buildConfigurations = (
				21FB27B01DA765690008038B /* Debug */,
				21FB27B11DA765690008038B /* Release */,
			);
			defaultConfigurationIsVisible = 0;
			defaultConfigurationName = Release;
		};
		607FACCB1AFB9204008FA782 /* Build configuration list for PBXProject "EGGProgressHUD" */ = {
			isa = XCConfigurationList;
			buildConfigurations = (
				607FACED1AFB9204008FA782 /* Debug */,
				607FACEE1AFB9204008FA782 /* Release */,
			);
			defaultConfigurationIsVisible = 0;
			defaultConfigurationName = Release;
		};
		607FACEF1AFB9204008FA782 /* Build configuration list for PBXNativeTarget "EGGProgressHUD_Example" */ = {
			isa = XCConfigurationList;
			buildConfigurations = (
				607FACF01AFB9204008FA782 /* Debug */,
				607FACF11AFB9204008FA782 /* Release */,
			);
			defaultConfigurationIsVisible = 0;
			defaultConfigurationName = Release;
		};
/* End XCConfigurationList section */
	};
	rootObject = 607FACC81AFB9204008FA782 /* Project object */;
}
